{
  "name": "learn-clojure",
  "version": "1.0.0",
  "lockfileVersion": 1,
  "requires": true,
  "dependencies": {
    "source-map": {
      "version": "0.5.6",
      "resolved": "https://registry.npmjs.org/source-map/-/source-map-0.5.6.tgz",
      "integrity": "sha1-dc449SvwczxafwwRjYEzSiu19BI="
    },
    "source-map-support": {
      "version": "0.4.16",
      "resolved": "https://registry.npmjs.org/source-map-support/-/source-map-support-0.4.16.tgz",
      "integrity": "sha512-A6vlydY7H/ljr4L2UOhDSajQdZQ6dMD7cLH0pzwcmwLyc9u8PNI4WGtnfDDzX7uzGL6c/T+ORL97Zlh+S4iOrg==",
      "requires": {
        "source-map": "0.5.6"
      }
    }
  }
}
